
Microsoft Visual Studio Solution File, Format Version 12.00
# Visual Studio Version 16
VisualStudioVersion = 16.0.30804.86
MinimumVisualStudioVersion = 10.0.40219.1
Project("{9A19103F-16F7-4668-BE54-9A1E7A4F7556}") = "Rabbit.API.Producer", "Rabbit.API.Producer\Rabbit.API.Producer.csproj", "{C51FBBE9-5EA4-4B53-AB60-9926F2D29B3B}"
EndProject
Project("{9A19103F-16F7-4668-BE54-9A1E7A4F7556}") = "Rabbit.Consumer", "..\Rabbit.Consumer\Rabbit.Consumer\Rabbit.Consumer.csproj", "{239BCB15-0740-4F6E-B816-BEC26C2AFF48}"
EndProject
Project("{FAE04EC0-301F-11D3-BF4B-00C04F79EFBC}") = "Domain", "..\Domain\Domain.csproj", "{D0DD5B25-DC3F-4358-B8C0-E941978142C6}"
EndProject
Global
	GlobalSection(SolutionConfigurationPlatforms) = preSolution
		Debug|Any CPU = Debug|Any CPU
		Release|Any CPU = Release|Any CPU
	EndGlobalSection
	GlobalSection(ProjectConfigurationPlatforms) = postSolution
		{C51FBBE9-5EA4-4B53-AB60-9926F2D29B3B}.Debug|Any CPU.ActiveCfg = Debug|Any CPU
		{C51FBBE9-5EA4-4B53-AB60-9926F2D29B3B}.Debug|Any CPU.Build.0 = Debug|Any CPU
		{C51FBBE9-5EA4-4B53-AB60-9926F2D29B3B}.Release|Any CPU.ActiveCfg = Release|Any CPU
		{C51FBBE9-5EA4-4B53-AB60-9926F2D29B3B}.Release|Any CPU.Build.0 = Release|Any CPU
		{239BCB15-0740-4F6E-B816-BEC26C2AFF48}.Debug|Any CPU.ActiveCfg = Debug|Any CPU
		{239BCB15-0740-4F6E-B816-BEC26C2AFF48}.Debug|Any CPU.Build.0 = Debug|Any CPU
		{239BCB15-0740-4F6E-B816-BEC26C2AFF48}.Release|Any CPU.ActiveCfg = Release|Any CPU
		{239BCB15-0740-4F6E-B816-BEC26C2AFF48}.Release|Any CPU.Build.0 = Release|Any CPU
		{D0DD5B25-DC3F-4358-B8C0-E941978142C6}.Debug|Any CPU.ActiveCfg = Debug|Any CPU
		{D0DD5B25-DC3F-4358-B8C0-E941978142C6}.Debug|Any CPU.Build.0 = Debug|Any CPU
		{D0DD5B25-DC3F-4358-B8C0-E941978142C6}.Release|Any CPU.ActiveCfg = Release|Any CPU
		{D0DD5B25-DC3F-4358-B8C0-E941978142C6}.Release|Any CPU.Build.0 = Release|Any CPU
	EndGlobalSection
	GlobalSection(SolutionProperties) = preSolution
		HideSolutionNode = FALSE
	EndGlobalSection
	GlobalSection(ExtensibilityGlobals) = postSolution
		SolutionGuid = {120A08EF-A600-4224-A1AC-30F54AAAD40E}
	EndGlobalSection
EndGlobal
